// !$*UTF8*$!
{
	archiveVersion = 1;
	classes = {
	};
	objectVersion = 56;
	objects = {

/* Begin PBXBuildFile section */
		329EC0342928F9B900317050 /* kids_Multiplication_tables_gameApp.swift in Sources */ = {isa = PBXBuildFile; fileRef = 329EC0332928F9B900317050 /* kids_Multiplication_tables_gameApp.swift */; };
		329EC0362928F9B900317050 /* ContentView.swift in Sources */ = {isa = PBXBuildFile; fileRef = 329EC0352928F9B900317050 /* ContentView.swift */; };
		329EC0382928F9BA00317050 /* Assets.xcassets in Resources */ = {isa = PBXBuildFile; fileRef = 329EC0372928F9BA00317050 /* Assets.xcassets */; };
		329EC03B2928F9BA00317050 /* Preview Assets.xcassets in Resources */ = {isa = PBXBuildFile; fileRef = 329EC03A2928F9BA00317050 /* Preview Assets.xcassets */; };
		329EC0452928F9BA00317050 /* kids_Multiplication_tables_gameTests.swift in Sources */ = {isa = PBXBuildFile; fileRef = 329EC0442928F9BA00317050 /* kids_Multiplication_tables_gameTests.swift */; };
		329EC04F2928F9BA00317050 /* kids_Multiplication_tables_gameUITests.swift in Sources */ = {isa = PBXBuildFile; fileRef = 329EC04E2928F9BA00317050 /* kids_Multiplication_tables_gameUITests.swift */; };
		329EC0512928F9BA00317050 /* kids_Multiplication_tables_gameUITestsLaunchTests.swift in Sources */ = {isa = PBXBuildFile; fileRef = 329EC0502928F9BA00317050 /* kids_Multiplication_tables_gameUITestsLaunchTests.swift */; };
		329EC05E2929051400317050 /* secondView.swift in Sources */ = {isa = PBXBuildFile; fileRef = 329EC05D2929051400317050 /* secondView.swift */; };
		329EC06029290D2F00317050 /* Question.swift in Sources */ = {isa = PBXBuildFile; fileRef = 329EC05F29290D2E00317050 /* Question.swift */; };
/* End PBXBuildFile section */

/* Begin PBXContainerItemProxy section */
		329EC0412928F9BA00317050 /* PBXContainerItemProxy */ = {
			isa = PBXContainerItemProxy;
			containerPortal = 329EC0282928F9B900317050 /* Project object */;
			proxyType = 1;
			remoteGlobalIDString = 329EC02F2928F9B900317050;
			remoteInfo = "kids Multiplication tables game";
		};
		329EC04B2928F9BA00317050 /* PBXContainerItemProxy */ = {
			isa = PBXContainerItemProxy;
			containerPortal = 329EC0282928F9B900317050 /* Project object */;
			proxyType = 1;
			remoteGlobalIDString = 329EC02F2928F9B900317050;
			remoteInfo = "kids Multiplication tables game";
		};
/* End PBXContainerItemProxy section */

/* Begin PBXFileReference section */
		329EC0302928F9B900317050 /* kids Multiplication tables game.app */ = {isa = PBXFileReference; explicitFileType = wrapper.application; includeInIndex = 0; path = "kids Multiplication tables game.app"; sourceTree = BUILT_PRODUCTS_DIR; };
		329EC0332928F9B900317050 /* kids_Multiplication_tables_gameApp.swift */ = {isa = PBXFileReference; lastKnownFileType = sourcecode.swift; path = kids_Multiplication_tables_gameApp.swift; sourceTree = "<group>"; };
		329EC0352928F9B900317050 /* ContentView.swift */ = {isa = PBXFileReference; lastKnownFileType = sourcecode.swift; path = ContentView.swift; sourceTree = "<group>"; };
		329EC0372928F9BA00317050 /* Assets.xcassets */ = {isa = PBXFileReference; lastKnownFileType = folder.assetcatalog; path = Assets.xcassets; sourceTree = "<group>"; };
		329EC03A2928F9BA00317050 /* Preview Assets.xcassets */ = {isa = PBXFileReference; lastKnownFileType = folder.assetcatalog; path = "Preview Assets.xcassets"; sourceTree = "<group>"; };
		329EC0402928F9BA00317050 /* kids Multiplication tables gameTests.xctest */ = {isa = PBXFileReference; explicitFileType = wrapper.cfbundle; includeInIndex = 0; path = "kids Multiplication tables gameTests.xctest"; sourceTree = BUILT_PRODUCTS_DIR; };
		329EC0442928F9BA00317050 /* kids_Multiplication_tables_gameTests.swift */ = {isa = PBXFileReference; lastKnownFileType = sourcecode.swift; path = kids_Multiplication_tables_gameTests.swift; sourceTree = "<group>"; };
		329EC04A2928F9BA00317050 /* kids Multiplication tables gameUITests.xctest */ = {isa = PBXFileReference; explicitFileType = wrapper.cfbundle; includeInIndex = 0; path = "kids Multiplication tables gameUITests.xctest"; sourceTree = BUILT_PRODUCTS_DIR; };
		329EC04E2928F9BA00317050 /* kids_Multiplication_tables_gameUITests.swift */ = {isa = PBXFileReference; lastKnownFileType = sourcecode.swift; path = kids_Multiplication_tables_gameUITests.swift; sourceTree = "<group>"; };
		329EC0502928F9BA00317050 /* kids_Multiplication_tables_gameUITestsLaunchTests.swift */ = {isa = PBXFileReference; lastKnownFileType = sourcecode.swift; path = kids_Multiplication_tables_gameUITestsLaunchTests.swift; sourceTree = "<group>"; };
		329EC05D2929051400317050 /* secondView.swift */ = {isa = PBXFileReference; lastKnownFileType = sourcecode.swift; path = secondView.swift; sourceTree = "<group>"; };
		329EC05F29290D2E00317050 /* Question.swift */ = {isa = PBXFileReference; lastKnownFileType = sourcecode.swift; path = Question.swift; sourceTree = "<group>"; };
/* End PBXFileReference section */

/* Begin PBXFrameworksBuildPhase section */
		329EC02D2928F9B900317050 /* Frameworks */ = {
			isa = PBXFrameworksBuildPhase;
			buildActionMask = 2147483647;
			files = (
			);
			runOnlyForDeploymentPostprocessing = 0;
		};
		329EC03D2928F9BA00317050 /* Frameworks */ = {
			isa = PBXFrameworksBuildPhase;
			buildActionMask = 2147483647;
			files = (
			);
			runOnlyForDeploymentPostprocessing = 0;
		};
		329EC0472928F9BA00317050 /* Frameworks */ = {
			isa = PBXFrameworksBuildPhase;
			buildActionMask = 2147483647;
			files = (
			);
			runOnlyForDeploymentPostprocessing = 0;
		};
/* End PBXFrameworksBuildPhase section */

/* Begin PBXGroup section */
		329EC0272928F9B900317050 = {
			isa = PBXGroup;
			children = (
				329EC0322928F9B900317050 /* kids Multiplication tables game */,
				329EC0432928F9BA00317050 /* kids Multiplication tables gameTests */,
				329EC04D2928F9BA00317050 /* kids Multiplication tables gameUITests */,
				329EC0312928F9B900317050 /* Products */,
			);
			sourceTree = "<group>";
		};
		329EC0312928F9B900317050 /* Products */ = {
			isa = PBXGroup;
			children = (
				329EC0302928F9B900317050 /* kids Multiplication tables game.app */,
				329EC0402928F9BA00317050 /* kids Multiplication tables gameTests.xctest */,
				329EC04A2928F9BA00317050 /* kids Multiplication tables gameUITests.xctest */,
			);
			name = Products;
			sourceTree = "<group>";
		};
		329EC0322928F9B900317050 /* kids Multiplication tables game */ = {
			isa = PBXGroup;
			children = (
				329EC0332928F9B900317050 /* kids_Multiplication_tables_gameApp.swift */,
				329EC0352928F9B900317050 /* ContentView.swift */,
				329EC05F29290D2E00317050 /* Question.swift */,
				329EC05D2929051400317050 /* secondView.swift */,
				329EC0372928F9BA00317050 /* Assets.xcassets */,
				329EC0392928F9BA00317050 /* Preview Content */,
			);
			path = "kids Multiplication tables game";
			sourceTree = "<group>";
		};
		329EC0392928F9BA00317050 /* Preview Content */ = {
			isa = PBXGroup;
			children = (
				329EC03A2928F9BA00317050 /* Preview Assets.xcassets */,
			);
			path = "Preview Content";
			sourceTree = "<group>";
		};
		329EC0432928F9BA00317050 /* kids Multiplication tables gameTests */ = {
			isa = PBXGroup;
			children = (
				329EC0442928F9BA00317050 /* kids_Multiplication_tables_gameTests.swift */,
			);
			path = "kids Multiplication tables gameTests";
			sourceTree = "<group>";
		};
		329EC04D2928F9BA00317050 /* kids Multiplication tables gameUITests */ = {
			isa = PBXGroup;
			children = (
				329EC04E2928F9BA00317050 /* kids_Multiplication_tables_gameUITests.swift */,
				329EC0502928F9BA00317050 /* kids_Multiplication_tables_gameUITestsLaunchTests.swift */,
			);
			path = "kids Multiplication tables gameUITests";
			sourceTree = "<group>";
		};
/* End PBXGroup section */

/* Begin PBXNativeTarget section */
		329EC02F2928F9B900317050 /* kids Multiplication tables game */ = {
			isa = PBXNativeTarget;
			buildConfigurationList = 329EC0542928F9BA00317050 /* Build configuration list for PBXNativeTarget "kids Multiplication tables game" */;
			buildPhases = (
				329EC02C2928F9B900317050 /* Sources */,
				329EC02D2928F9B900317050 /* Frameworks */,
				329EC02E2928F9B900317050 /* Resources */,
			);
			buildRules = (
			);
			dependencies = (
			);
			name = "kids Multiplication tables game";
			productName = "kids Multiplication tables game";
			productReference = 329EC0302928F9B900317050 /* kids Multiplication tables game.app */;
			productType = "com.apple.product-type.application";
		};
		329EC03F2928F9BA00317050 /* kids Multiplication tables gameTests */ = {
			isa = PBXNativeTarget;
			buildConfigurationList = 329EC0572928F9BA00317050 /* Build configuration list for PBXNativeTarget "kids Multiplication tables gameTests" */;
			buildPhases = (
				329EC03C2928F9BA00317050 /* Sources */,
				329EC03D2928F9BA00317050 /* Frameworks */,
				329EC03E2928F9BA00317050 /* Resources */,
			);
			buildRules = (
			);
			dependencies = (
				329EC0422928F9BA00317050 /* PBXTargetDependency */,
			);
			name = "kids Multiplication tables gameTests";
			productName = "kids Multiplication tables gameTests";
			productReference = 329EC0402928F9BA00317050 /* kids Multiplication tables gameTests.xctest */;
			productType = "com.apple.product-type.bundle.unit-test";
		};
		329EC0492928F9BA00317050 /* kids Multiplication tables gameUITests */ = {
			isa = PBXNativeTarget;
			buildConfigurationList = 329EC05A2928F9BA00317050 /* Build configuration list for PBXNativeTarget "kids Multiplication tables gameUITests" */;
			buildPhases = (
				329EC0462928F9BA00317050 /* Sources */,
				329EC0472928F9BA00317050 /* Frameworks */,
				329EC0482928F9BA00317050 /* Resources */,
			);
			buildRules = (
			);
			dependencies = (
				329EC04C2928F9BA00317050 /* PBXTargetDependency */,
			);
			name = "kids Multiplication tables gameUITests";
			productName = "kids Multiplication tables gameUITests";
			productReference = 329EC04A2928F9BA00317050 /* kids Multiplication tables gameUITests.xctest */;
			productType = "com.apple.product-type.bundle.ui-testing";
		};
/* End PBXNativeTarget section */

/* Begin PBXProject section */
		329EC0282928F9B900317050 /* Project object */ = {
			isa = PBXProject;
			attributes = {
				BuildIndependentTargetsInParallel = 1;
				LastSwiftUpdateCheck = 1410;
				LastUpgradeCheck = 1410;
				TargetAttributes = {
					329EC02F2928F9B900317050 = {
						CreatedOnToolsVersion = 14.1;
					};
					329EC03F2928F9BA00317050 = {
						CreatedOnToolsVersion = 14.1;
						TestTargetID = 329EC02F2928F9B900317050;
					};
					329EC0492928F9BA00317050 = {
						CreatedOnToolsVersion = 14.1;
						TestTargetID = 329EC02F2928F9B900317050;
					};
				};
			};
			buildConfigurationList = 329EC02B2928F9B900317050 /* Build configuration list for PBXProject "kids Multiplication tables game" */;
			compatibilityVersion = "Xcode 14.0";
			developmentRegion = en;
			hasScannedForEncodings = 0;
			knownRegions = (
				en,
				Base,
			);
			mainGroup = 329EC0272928F9B900317050;
			productRefGroup = 329EC0312928F9B900317050 /* Products */;
			projectDirPath = "";
			projectRoot = "";
			targets = (
				329EC02F2928F9B900317050 /* kids Multiplication tables game */,
				329EC03F2928F9BA00317050 /* kids Multiplication tables gameTests */,
				329EC0492928F9BA00317050 /* kids Multiplication tables gameUITests */,
			);
		};
/* End PBXProject section */

/* Begin PBXResourcesBuildPhase section */
		329EC02E2928F9B900317050 /* Resources */ = {
			isa = PBXResourcesBuildPhase;
			buildActionMask = 2147483647;
			files = (
				329EC03B2928F9BA00317050 /* Preview Assets.xcassets in Resources */,
				329EC0382928F9BA00317050 /* Assets.xcassets in Resources */,
			);
			runOnlyForDeploymentPostprocessing = 0;
		};
		329EC03E2928F9BA00317050 /* Resources */ = {
			isa = PBXResourcesBuildPhase;
			buildActionMask = 2147483647;
			files = (
			);
			runOnlyForDeploymentPostprocessing = 0;
		};
		329EC0482928F9BA00317050 /* Resources */ = {
			isa = PBXResourcesBuildPhase;
			buildActionMask = 2147483647;
			files = (
			);
			runOnlyForDeploymentPostprocessing = 0;
		};
/* End PBXResourcesBuildPhase section */

/* Begin PBXSourcesBuildPhase section */
		329EC02C2928F9B900317050 /* Sources */ = {
			isa = PBXSourcesBuildPhase;
			buildActionMask = 2147483647;
			files = (
				329EC0362928F9B900317050 /* ContentView.swift in Sources */,
				329EC06029290D2F00317050 /* Question.swift in Sources */,
				329EC05E2929051400317050 /* secondView.swift in Sources */,
				329EC0342928F9B900317050 /* kids_Multiplication_tables_gameApp.swift in Sources */,
			);
			runOnlyForDeploymentPostprocessing = 0;
		};
		329EC03C2928F9BA00317050 /* Sources */ = {
			isa = PBXSourcesBuildPhase;
			buildActionMask = 2147483647;
			files = (
				329EC0452928F9BA00317050 /* kids_Multiplication_tables_gameTests.swift in Sources */,
			);
			runOnlyForDeploymentPostprocessing = 0;
		};
		329EC0462928F9BA00317050 /* Sources */ = {
			isa = PBXSourcesBuildPhase;
			buildActionMask = 2147483647;
			files = (
				329EC0512928F9BA00317050 /* kids_Multiplication_tables_gameUITestsLaunchTests.swift in Sources */,
				329EC04F2928F9BA00317050 /* kids_Multiplication_tables_gameUITests.swift in Sources */,
			);
			runOnlyForDeploymentPostprocessing = 0;
		};
/* End PBXSourcesBuildPhase section */

/* Begin PBXTargetDependency section */
		329EC0422928F9BA00317050 /* PBXTargetDependency */ = {
			isa = PBXTargetDependency;
			target = 329EC02F2928F9B900317050 /* kids Multiplication tables game */;
			targetProxy = 329EC0412928F9BA00317050 /* PBXContainerItemProxy */;
		};
		329EC04C2928F9BA00317050 /* PBXTargetDependency */ = {
			isa = PBXTargetDependency;
			target = 329EC02F2928F9B900317050 /* kids Multiplication tables game */;
			targetProxy = 329EC04B2928F9BA00317050 /* PBXContainerItemProxy */;
		};
/* End PBXTargetDependency section */

/* Begin XCBuildConfiguration section */
		329EC0522928F9BA00317050 /* Debug */ = {
			isa = XCBuildConfiguration;
			buildSettings = {
				ALWAYS_SEARCH_USER_PATHS = NO;
				CLANG_ANALYZER_NONNULL = YES;
				CLANG_ANALYZER_NUMBER_OBJECT_CONVERSION = YES_AGGRESSIVE;
				CLANG_CXX_LANGUAGE_STANDARD = "gnu++20";
				CLANG_ENABLE_MODULES = YES;
				CLANG_ENABLE_OBJC_ARC = YES;
				CLANG_ENABLE_OBJC_WEAK = YES;
				CLANG_WARN_BLOCK_CAPTURE_AUTORELEASING = YES;
				CLANG_WARN_BOOL_CONVERSION = YES;
				CLANG_WARN_COMMA = YES;
				CLANG_WARN_CONSTANT_CONVERSION = YES;
				CLANG_WARN_DEPRECATED_OBJC_IMPLEMENTATIONS = YES;
				CLANG_WARN_DIRECT_OBJC_ISA_USAGE = YES_ERROR;
				CLANG_WARN_DOCUMENTATION_COMMENTS = YES;
				CLANG_WARN_EMPTY_BODY = YES;
				CLANG_WARN_ENUM_CONVERSION = YES;
				CLANG_WARN_INFINITE_RECURSION = YES;
				CLANG_WARN_INT_CONVERSION = YES;
				CLANG_WARN_NON_LITERAL_NULL_CONVERSION = YES;
				CLANG_WARN_OBJC_IMPLICIT_RETAIN_SELF = YES;
				CLANG_WARN_OBJC_LITERAL_CONVERSION = YES;
				CLANG_WARN_OBJC_ROOT_CLASS = YES_ERROR;
				CLANG_WARN_QUOTED_INCLUDE_IN_FRAMEWORK_HEADER = YES;
				CLANG_WARN_RANGE_LOOP_ANALYSIS = YES;
				CLANG_WARN_STRICT_PROTOTYPES = YES;
				CLANG_WARN_SUSPICIOUS_MOVE = YES;
				CLANG_WARN_UNGUARDED_AVAILABILITY = YES_AGGRESSIVE;
				CLANG_WARN_UNREACHABLE_CODE = YES;
				CLANG_WARN__DUPLICATE_METHOD_MATCH = YES;
				COPY_PHASE_STRIP = NO;
				DEBUG_INFORMATION_FORMAT = dwarf;
				ENABLE_STRICT_OBJC_MSGSEND = YES;
				ENABLE_TESTABILITY = YES;
				GCC_C_LANGUAGE_STANDARD = gnu11;
				GCC_DYNAMIC_NO_PIC = NO;
				GCC_NO_COMMON_BLOCKS = YES;
				GCC_OPTIMIZATION_LEVEL = 0;
				GCC_PREPROCESSOR_DEFINITIONS = (
					"DEBUG=1",
					"$(inherited)",
				);
				GCC_WARN_64_TO_32_BIT_CONVERSION = YES;
				GCC_WARN_ABOUT_RETURN_TYPE = YES_ERROR;
				GCC_WARN_UNDECLARED_SELECTOR = YES;
				GCC_WARN_UNINITIALIZED_AUTOS = YES_AGGRESSIVE;
				GCC_WARN_UNUSED_FUNCTION = YES;
				GCC_WARN_UNUSED_VARIABLE = YES;
				IPHONEOS_DEPLOYMENT_TARGET = 16.1;
				MTL_ENABLE_DEBUG_INFO = INCLUDE_SOURCE;
				MTL_FAST_MATH = YES;
				ONLY_ACTIVE_ARCH = YES;
				SDKROOT = iphoneos;
				SWIFT_ACTIVE_COMPILATION_CONDITIONS = DEBUG;
				SWIFT_OPTIMIZATION_LEVEL = "-Onone";
			};
			name = Debug;
		};
		329EC0532928F9BA00317050 /* Release */ = {
			isa = XCBuildConfiguration;
			buildSettings = {
				ALWAYS_SEARCH_USER_PATHS = NO;
				CLANG_ANALYZER_NONNULL = YES;
				CLANG_ANALYZER_NUMBER_OBJECT_CONVERSION = YES_AGGRESSIVE;
				CLANG_CXX_LANGUAGE_STANDARD = "gnu++20";
				CLANG_ENABLE_MODULES = YES;
				CLANG_ENABLE_OBJC_ARC = YES;
				CLANG_ENABLE_OBJC_WEAK = YES;
				CLANG_WARN_BLOCK_CAPTURE_AUTORELEASING = YES;
				CLANG_WARN_BOOL_CONVERSION = YES;
				CLANG_WARN_COMMA = YES;
				CLANG_WARN_CONSTANT_CONVERSION = YES;
				CLANG_WARN_DEPRECATED_OBJC_IMPLEMENTATIONS = YES;
				CLANG_WARN_DIRECT_OBJC_ISA_USAGE = YES_ERROR;
				CLANG_WARN_DOCUMENTATION_COMMENTS = YES;
				CLANG_WARN_EMPTY_BODY = YES;
				CLANG_WARN_ENUM_CONVERSION = YES;
				CLANG_WARN_INFINITE_RECURSION = YES;
				CLANG_WARN_INT_CONVERSION = YES;
				CLANG_WARN_NON_LITERAL_NULL_CONVERSION = YES;
				CLANG_WARN_OBJC_IMPLICIT_RETAIN_SELF = YES;
				CLANG_WARN_OBJC_LITERAL_CONVERSION = YES;
				CLANG_WARN_OBJC_ROOT_CLASS = YES_ERROR;
				CLANG_WARN_QUOTED_INCLUDE_IN_FRAMEWORK_HEADER = YES;
				CLANG_WARN_RANGE_LOOP_ANALYSIS = YES;
				CLANG_WARN_STRICT_PROTOTYPES = YES;
				CLANG_WARN_SUSPICIOUS_MOVE = YES;
				CLANG_WARN_UNGUARDED_AVAILABILITY = YES_AGGRESSIVE;
				CLANG_WARN_UNREACHABLE_CODE = YES;
				CLANG_WARN__DUPLICATE_METHOD_MATCH = YES;
				COPY_PHASE_STRIP = NO;
				DEBUG_INFORMATION_FORMAT = "dwarf-with-dsym";
				ENABLE_NS_ASSERTIONS = NO;
				ENABLE_STRICT_OBJC_MSGSEND = YES;
				GCC_C_LANGUAGE_STANDARD = gnu11;
				GCC_NO_COMMON_BLOCKS = YES;
				GCC_WARN_64_TO_32_BIT_CONVERSION = YES;
				GCC_WARN_ABOUT_RETURN_TYPE = YES_ERROR;
				GCC_WARN_UNDECLARED_SELECTOR = YES;
				GCC_WARN_UNINITIALIZED_AUTOS = YES_AGGRESSIVE;
				GCC_WARN_UNUSED_FUNCTION = YES;
				GCC_WARN_UNUSED_VARIABLE = YES;
				IPHONEOS_DEPLOYMENT_TARGET = 16.1;
				MTL_ENABLE_DEBUG_INFO = NO;
				MTL_FAST_MATH = YES;
				SDKROOT = iphoneos;
				SWIFT_COMPILATION_MODE = wholemodule;
				SWIFT_OPTIMIZATION_LEVEL = "-O";
				VALIDATE_PRODUCT = YES;
			};
			name = Release;
		};
		329EC0552928F9BA00317050 /* Debug */ = {
			isa = XCBuildConfiguration;
			buildSettings = {
				ASSETCATALOG_COMPILER_APPICON_NAME = AppIcon;
				ASSETCATALOG_COMPILER_GLOBAL_ACCENT_COLOR_NAME = AccentColor;
				CODE_SIGN_STYLE = Automatic;
				CURRENT_PROJECT_VERSION = 1;
				DEVELOPMENT_ASSET_PATHS = "\"kids Multiplication tables game/Preview Content\"";
				DEVELOPMENT_TEAM = 7S5KXF68WA;
				ENABLE_PREVIEWS = YES;
				GENERATE_INFOPLIST_FILE = YES;
				INFOPLIST_KEY_UIApplicationSceneManifest_Generation = YES;
				INFOPLIST_KEY_UIApplicationSupportsIndirectInputEvents = YES;
				INFOPLIST_KEY_UILaunchScreen_Generation = YES;
				INFOPLIST_KEY_UISupportedInterfaceOrientations_iPad = "UIInterfaceOrientationPortrait UIInterfaceOrientationPortraitUpsideDown UIInterfaceOrientationLandscapeLeft UIInterfaceOrientationLandscapeRight";
				INFOPLIST_KEY_UISupportedInterfaceOrientations_iPhone = "UIInterfaceOrientationPortrait UIInterfaceOrientationLandscapeLeft UIInterfaceOrientationLandscapeRight";
				LD_RUNPATH_SEARCH_PATHS = (
					"$(inherited)",
					"@executable_path/Frameworks",
				);
				MARKETING_VERSION = 1.0;
				PRODUCT_BUNDLE_IDENTIFIER = "Arthur.Sh.kids-Multiplication-tables-game";
				PRODUCT_NAME = "$(TARGET_NAME)";
				SWIFT_EMIT_LOC_STRINGS = YES;
				SWIFT_VERSION = 5.0;
				TARGETED_DEVICE_FAMILY = "1,2";
			};
			name = Debug;
		};
		329EC0562928F9BA00317050 /* Release */ = {
			isa = XCBuildConfiguration;
			buildSettings = {
				ASSETCATALOG_COMPILER_APPICON_NAME = AppIcon;
				ASSETCATALOG_COMPILER_GLOBAL_ACCENT_COLOR_NAME = AccentColor;
				CODE_SIGN_STYLE = Automatic;
				CURRENT_PROJECT_VERSION = 1;
				DEVELOPMENT_ASSET_PATHS = "\"kids Multiplication tables game/Preview Content\"";
				DEVELOPMENT_TEAM = 7S5KXF68WA;
				ENABLE_PREVIEWS = YES;
				GENERATE_INFOPLIST_FILE = YES;
				INFOPLIST_KEY_UIApplicationSceneManifest_Generation = YES;
				INFOPLIST_KEY_UIApplicationSupportsIndirectInputEvents = YES;
				INFOPLIST_KEY_UILaunchScreen_Generation = YES;
				INFOPLIST_KEY_UISupportedInterfaceOrientations_iPad = "UIInterfaceOrientationPortrait UIInterfaceOrientationPortraitUpsideDown UIInterfaceOrientationLandscapeLeft UIInterfaceOrientationLandscapeRight";
				INFOPLIST_KEY_UISupportedInterfaceOrientations_iPhone = "UIInterfaceOrientationPortrait UIInterfaceOrientationLandscapeLeft UIInterfaceOrientationLandscapeRight";
				LD_RUNPATH_SEARCH_PATHS = (
					"$(inherited)",
					"@executable_path/Frameworks",
				);
				MARKETING_VERSION = 1.0;
				PRODUCT_BUNDLE_IDENTIFIER = "Arthur.Sh.kids-Multiplication-tables-game";
				PRODUCT_NAME = "$(TARGET_NAME)";
				SWIFT_EMIT_LOC_STRINGS = YES;
				SWIFT_VERSION = 5.0;
				TARGETED_DEVICE_FAMILY = "1,2";
			};
			name = Release;
		};
		329EC0582928F9BA00317050 /* Debug */ = {
			isa = XCBuildConfiguration;
			buildSettings = {
				ALWAYS_EMBED_SWIFT_STANDARD_LIBRARIES = YES;
				BUNDLE_LOADER = "$(TEST_HOST)";
				CODE_SIGN_STYLE = Automatic;
				CURRENT_PROJECT_VERSION = 1;
				DEVELOPMENT_TEAM = 7S5KXF68WA;
				GENERATE_INFOPLIST_FILE = YES;
				IPHONEOS_DEPLOYMENT_TARGET = 16.1;
				MARKETING_VERSION = 1.0;
				PRODUCT_BUNDLE_IDENTIFIER = "Arthur.Sh.kids-Multiplication-tables-gameTests";
				PRODUCT_NAME = "$(TARGET_NAME)";
				SWIFT_EMIT_LOC_STRINGS = NO;
				SWIFT_VERSION = 5.0;
				TARGETED_DEVICE_FAMILY = "1,2";
				TEST_HOST = "$(BUILT_PRODUCTS_DIR)/kids Multiplication tables game.app/$(BUNDLE_EXECUTABLE_FOLDER_PATH)/kids Multiplication tables game";
			};
			name = Debug;
		};
		329EC0592928F9BA00317050 /* Release */ = {
			isa = XCBuildConfiguration;
			buildSettings = {
				ALWAYS_EMBED_SWIFT_STANDARD_LIBRARIES = YES;
				BUNDLE_LOADER = "$(TEST_HOST)";
				CODE_SIGN_STYLE = Automatic;
				CURRENT_PROJECT_VERSION = 1;
				DEVELOPMENT_TEAM = 7S5KXF68WA;
				GENERATE_INFOPLIST_FILE = YES;
				IPHONEOS_DEPLOYMENT_TARGET = 16.1;
				MARKETING_VERSION = 1.0;
				PRODUCT_BUNDLE_IDENTIFIER = "Arthur.Sh.kids-Multiplication-tables-gameTests";
				PRODUCT_NAME = "$(TARGET_NAME)";
				SWIFT_EMIT_LOC_STRINGS = NO;
				SWIFT_VERSION = 5.0;
				TARGETED_DEVICE_FAMILY = "1,2";
				TEST_HOST = "$(BUILT_PRODUCTS_DIR)/kids Multiplication tables game.app/$(BUNDLE_EXECUTABLE_FOLDER_PATH)/kids Multiplication tables game";
			};
			name = Release;
		};
		329EC05B2928F9BA00317050 /* Debug */ = {
			isa = XCBuildConfiguration;
			buildSettings = {
				ALWAYS_EMBED_SWIFT_STANDARD_LIBRARIES = YES;
				CODE_SIGN_STYLE = Automatic;
				CURRENT_PROJECT_VERSION = 1;
				DEVELOPMENT_TEAM = 7S5KXF68WA;
				GENERATE_INFOPLIST_FILE = YES;
				MARKETING_VERSION = 1.0;
				PRODUCT_BUNDLE_IDENTIFIER = "Arthur.Sh.kids-Multiplication-tables-gameUITests";
				PRODUCT_NAME = "$(TARGET_NAME)";
				SWIFT_EMIT_LOC_STRINGS = NO;
				SWIFT_VERSION = 5.0;
				TARGETED_DEVICE_FAMILY = "1,2";
				TEST_TARGET_NAME = "kids Multiplication tables game";
			};
			name = Debug;
		};
		329EC05C2928F9BA00317050 /* Release */ = {
			isa = XCBuildConfiguration;
			buildSettings = {
				ALWAYS_EMBED_SWIFT_STANDARD_LIBRARIES = YES;
				CODE_SIGN_STYLE = Automatic;
				CURRENT_PROJECT_VERSION = 1;
				DEVELOPMENT_TEAM = 7S5KXF68WA;
				GENERATE_INFOPLIST_FILE = YES;
				MARKETING_VERSION = 1.0;
				PRODUCT_BUNDLE_IDENTIFIER = "Arthur.Sh.kids-Multiplication-tables-gameUITests";
				PRODUCT_NAME = "$(TARGET_NAME)";
				SWIFT_EMIT_LOC_STRINGS = NO;
				SWIFT_VERSION = 5.0;
				TARGETED_DEVICE_FAMILY = "1,2";
				TEST_TARGET_NAME = "kids Multiplication tables game";
			};
			name = Release;
		};
/* End XCBuildConfiguration section */

/* Begin XCConfigurationList section */
		329EC02B2928F9B900317050 /* Build configuration list for PBXProject "kids Multiplication tables game" */ = {
			isa = XCConfigurationList;
			buildConfigurations = (
				329EC0522928F9BA00317050 /* Debug */,
				329EC0532928F9BA00317050 /* Release */,
			);
			defaultConfigurationIsVisible = 0;
			defaultConfigurationName = Release;
		};
		329EC0542928F9BA00317050 /* Build configuration list for PBXNativeTarget "kids Multiplication tables game" */ = {
			isa = XCConfigurationList;
			buildConfigurations = (
				329EC0552928F9BA00317050 /* Debug */,
				329EC0562928F9BA00317050 /* Release */,
			);
			defaultConfigurationIsVisible = 0;
			defaultConfigurationName = Release;
		};
		329EC0572928F9BA00317050 /* Build configuration list for PBXNativeTarget "kids Multiplication tables gameTests" */ = {
			isa = XCConfigurationList;
			buildConfigurations = (
				329EC0582928F9BA00317050 /* Debug */,
				329EC0592928F9BA00317050 /* Release */,
			);
			defaultConfigurationIsVisible = 0;
			defaultConfigurationName = Release;
		};
		329EC05A2928F9BA00317050 /* Build configuration list for PBXNativeTarget "kids Multiplication tables gameUITests" */ = {
			isa = XCConfigurationList;
			buildConfigurations = (
				329EC05B2928F9BA00317050 /* Debug */,
				329EC05C2928F9BA00317050 /* Release */,
			);
			defaultConfigurationIsVisible = 0;
			defaultConfigurationName = Release;
		};
/* End XCConfigurationList section */
	};
	rootObject = 329EC0282928F9B900317050 /* Project object */;
}
